
Microsoft Visual Studio Solution File, Format Version 12.00
# Visual Studio Version 16
VisualStudioVersion = 16.0.31410.357
MinimumVisualStudioVersion = 10.0.40219.1
Project("{FAE04EC0-301F-11D3-BF4B-00C04F79EFBC}") = "UEngineBot", "UEngineBot\UEngineBot.csproj", "{2DE68952-4C45-4054-8DA2-52BCAD5A186B}"
EndProject
Global
	GlobalSection(SolutionConfigurationPlatforms) = preSolution
		Debug|Any CPU = Debug|Any CPU
		Release|Any CPU = Release|Any CPU
	EndGlobalSection
	GlobalSection(ProjectConfigurationPlatforms) = postSolution
		{2DE68952-4C45-4054-8DA2-52BCAD5A186B}.Debug|Any CPU.ActiveCfg = Debug|Any CPU
		{2DE68952-4C45-4054-8DA2-52BCAD5A186B}.Debug|Any CPU.Build.0 = Debug|Any CPU
		{2DE68952-4C45-4054-8DA2-52BCAD5A186B}.Release|Any CPU.ActiveCfg = Release|Any CPU
		{2DE68952-4C45-4054-8DA2-52BCAD5A186B}.Release|Any CPU.Build.0 = Release|Any CPU
	EndGlobalSection
	GlobalSection(SolutionProperties) = preSolution
		HideSolutionNode = FALSE
	EndGlobalSection
	GlobalSection(ExtensibilityGlobals) = postSolution
		SolutionGuid = {9A2F6870-61E2-4518-938F-C5D5022AE5AF}
	EndGlobalSection
EndGlobal
